{
  "version": 4,
  "terraform_version": "0.13.5",
  "serial": 4,
  "lineage": "66b4eaf9-c635-c689-d35e-b08ddecd03d9",
  "outputs": {},
  "resources": [
    {
      "mode": "managed",
      "type": "digitalocean_database_cluster",
      "name": "sitename-pg-cluster",
      "provider": "provider[\"registry.terraform.io/digitalocean/digitalocean\"]",
      "instances": [
        {
          "schema_version": 0,
          "attributes": {
            "database": "defaultdb",
            "engine": "pg",
            "eviction_policy": null,
            "host": "sitename-pg-main-do-user-7136364-0.b.db.ondigitalocean.com",
            "id": "3926619b-7bca-4516-a990-1222668ae5b2",
            "maintenance_window": [],
            "name": "sitename-pg-main",
            "node_count": 1,
            "password": "meh3soai2jhixag9",
            "port": 25060,
            "private_host": "private-sitename-pg-main-do-user-7136364-0.b.db.ondigitalocean.com",
            "private_network_uuid": "bdadf2b4-c797-4957-9cca-74950068d772",
            "private_uri": "postgresql://doadmin:meh3soai2jhixag9@private-sitename-pg-main-do-user-7136364-0.b.db.ondigitalocean.com:25060/defaultdb?sslmode=require",
            "region": "nyc1",
            "size": "db-s-1vcpu-1gb",
            "sql_mode": null,
            "tags": null,
            "uri": "postgresql://doadmin:meh3soai2jhixag9@sitename-pg-main-do-user-7136364-0.b.db.ondigitalocean.com:25060/defaultdb?sslmode=require",
            "urn": "do:dbaas:3926619b-7bca-4516-a990-1222668ae5b2",
            "user": "doadmin",
            "version": "11"
          },
          "private": "bnVsbA=="
        }
      ]
    },
    {
      "mode": "managed",
      "type": "digitalocean_database_db",
      "name": "sitename-db",
      "provider": "provider[\"registry.terraform.io/digitalocean/digitalocean\"]",
      "instances": [
        {
          "schema_version": 0,
          "attributes": {
            "cluster_id": "3926619b-7bca-4516-a990-1222668ae5b2",
            "id": "3926619b-7bca-4516-a990-1222668ae5b2/database/sitename-db",
            "name": "sitename-db"
          },
          "private": "bnVsbA==",
          "dependencies": [
            "digitalocean_database_cluster.sitename-pg-cluster"
          ]
        }
      ]
    }
  ]
}
