# Prisma Migrate lockfile v1

20200815173550-init
20200818000657-user-auth-etc
20200818001250-session-token
20200818041046-unique-tokens
20200818164437-logout-token
20200822171833-subs-end
20200825162459-remove-sessions
20200825163942-email-validate
20200826014711-email-token-unique
20200831015045-commenting
20201018022319-phone-validate
20201018022851-typofix
20201018170810-phone-users
20201019005929-clips
20201019041320-clip-publish
20201020033940-cliptags-userbio
20201112083848-sites-data
20201112084449-owner-sites
20201114042833-cleanup-pw-col